
Microsoft Visual Studio Solution File, Format Version 12.00
# Visual Studio Version 17
VisualStudioVersion = 17.5.33516.290
MinimumVisualStudioVersion = 10.0.40219.1
Project("{FAE04EC0-301F-11D3-BF4B-00C04F79EFBC}") = "ToDo.App", "ToDo.App\ToDo.App.csproj", "{39509C94-7336-4C51-85B8-9C8E648FE1CE}"
EndProject
Project("{FAE04EC0-301F-11D3-BF4B-00C04F79EFBC}") = "ToDo.Core", "ToDo.Core\ToDo.Core.csproj", "{59A1BC29-2712-4EB0-8ADA-BC7AF0D0065C}"
EndProject
Global
	GlobalSection(SolutionConfigurationPlatforms) = preSolution
		Debug|Any CPU = Debug|Any CPU
		Release|Any CPU = Release|Any CPU
	EndGlobalSection
	GlobalSection(ProjectConfigurationPlatforms) = postSolution
		{39509C94-7336-4C51-85B8-9C8E648FE1CE}.Debug|Any CPU.ActiveCfg = Debug|Any CPU
		{39509C94-7336-4C51-85B8-9C8E648FE1CE}.Debug|Any CPU.Build.0 = Debug|Any CPU
		{39509C94-7336-4C51-85B8-9C8E648FE1CE}.Release|Any CPU.ActiveCfg = Release|Any CPU
		{39509C94-7336-4C51-85B8-9C8E648FE1CE}.Release|Any CPU.Build.0 = Release|Any CPU
		{59A1BC29-2712-4EB0-8ADA-BC7AF0D0065C}.Debug|Any CPU.ActiveCfg = Debug|Any CPU
		{59A1BC29-2712-4EB0-8ADA-BC7AF0D0065C}.Debug|Any CPU.Build.0 = Debug|Any CPU
		{59A1BC29-2712-4EB0-8ADA-BC7AF0D0065C}.Release|Any CPU.ActiveCfg = Release|Any CPU
		{59A1BC29-2712-4EB0-8ADA-BC7AF0D0065C}.Release|Any CPU.Build.0 = Release|Any CPU
	EndGlobalSection
	GlobalSection(SolutionProperties) = preSolution
		HideSolutionNode = FALSE
	EndGlobalSection
	GlobalSection(ExtensibilityGlobals) = postSolution
		SolutionGuid = {A10A2EC0-185E-4092-8F9A-5ED3533A1AEB}
	EndGlobalSection
EndGlobal
